PODS:
  - Alamofire (5.4.4)
  - Kingfisher (4.10.1)
  - SwiftyJSON (5.0.1)

DEPENDENCIES:
  - Alamofire (~> 5.2)
  - Kingfisher (~> 4.0)
  - SwiftyJSON

SPEC REPOS:
  trunk:
    - Alamofire
    - Kingfisher
    - SwiftyJSON

SPEC CHECKSUMS:
  Alamofire: f3b09a368f1582ab751b3fff5460276e0d2cf5c9
  Kingfisher: c148cd7b47ebde9989f6bc7c27dcaa79d81279a0
  SwiftyJSON: 2f33a42c6fbc52764d96f13368585094bfd8aa5e

PODFILE CHECKSUM: f6d741c3b69f64cbc13bc20f6c07ee05eafbb4f7

COCOAPODS: 1.11.2
